{
  "object": {
    "pins": [
      {
        "package": "SuprSendSdk",
        "repositoryURL": "https://github.com/suprsend/SuprSend-iOS-SDK",
        "state": {
          "branch": "main",
          "revision": "e40274deb82ac7903f050bde7187539cfac67a5f",
          "version": null
        }
      }
    ]
  },
  "version": 1
}
